{
  "originHash" : "ce0c0dd7b7a365a9195ae0a3ebd28f72872b38ade0eda3b8e8483c26fb539037",
  "pins" : [
    {
      "identity" : "openmultitouchsupport",
      "kind" : "remoteSourceControl",
      "location" : "https://github.com/krishkrosh/OpenMultitouchSupport",
      "state" : {
        "branch" : "main",
        "revision" : "fec869d8f349d0f8f0baa2d1f6c7dcbe6abc5d7d"
      }
    }
  ],
  "version" : 3
}
